<?xml version="1.0" encoding="UTF-8"?>
<!DOCTYPE plist PUBLIC "-//Apple//DTD PLIST 1.0//EN" "http://www.apple.com/DTDs/PropertyList-1.0.dtd">
<plist version="1.0">
<dict>
	<key>archiveVersion</key>
	<string>1</string>
	<key>classes</key>
	<dict/>
	<key>objectVersion</key>
	<string>46</string>
	<key>objects</key>
	<dict>
		<key>09D825E6FB1C43EA912BC0DE</key>
		<dict>
			<key>includeInIndex</key>
			<string>1</string>
			<key>isa</key>
			<string>PBXFileReference</string>
			<key>name</key>
			<string>AsyncSocket.h</string>
			<key>path</key>
			<string>vendor/Pods/Headers/CocoaAsyncSocket/AsyncSocket.h</string>
			<key>sourceTree</key>
			<string>SOURCE_ROOT</string>
		</dict>
		<key>143EC3E0710D492DB829A94B</key>
		<dict>
			<key>fileRef</key>
			<string>C09DA74FDCC24657B3806122</string>
			<key>isa</key>
			<string>PBXBuildFile</string>
		</dict>
		<key>1746F6C075704C3DBD3D0808</key>
		<dict>
			<key>buildSettings</key>
			<dict/>
			<key>isa</key>
			<string>XCBuildConfiguration</string>
			<key>name</key>
			<string>Debug</string>
		</dict>
		<key>1863A8F053974A438FCE0C41</key>
		<dict>
			<key>includeInIndex</key>
			<string>1</string>
			<key>isa</key>
			<string>PBXFileReference</string>
			<key>name</key>
			<string>GCDAsyncUdpSocket.h</string>
			<key>path</key>
			<string>vendor/Pods/Headers/CocoaAsyncSocket/GCDAsyncUdpSocket.h</string>
			<key>sourceTree</key>
			<string>SOURCE_ROOT</string>
		</dict>
		<key>1ADFB7CA5ACD48FB8A43DD92</key>
		<dict>
			<key>includeInIndex</key>
			<string>1</string>
			<key>isa</key>
			<string>PBXFileReference</string>
			<key>name</key>
			<string>icon_ipad.png</string>
			<key>path</key>
			<string>icon_ipad.png</string>
			<key>sourceTree</key>
			<string>&lt;group&gt;</string>
		</dict>
		<key>1F88566BF39F4967A9BD261B</key>
		<dict>
			<key>fileRef</key>
			<string>AEE009B4488B44EE9C05B820</string>
			<key>isa</key>
			<string>PBXBuildFile</string>
		</dict>
		<key>245E86427F7147EF8CFCB9B4</key>
		<dict>
			<key>buildActionMask</key>
			<string>2147483647</string>
			<key>files</key>
			<array>
				<string>143EC3E0710D492DB829A94B</string>
			</array>
			<key>isa</key>
			<string>PBXSourcesBuildPhase</string>
			<key>runOnlyForDeploymentPostprocessing</key>
			<string>0</string>
		</dict>
		<key>3A2146F28E0D45FF8CF660F5</key>
		<dict>
			<key>buildActionMask</key>
			<string>2147483647</string>
			<key>dstPath</key>
			<string>$(PRODUCT_NAME)</string>
			<key>dstSubfolderSpec</key>
			<string>16</string>
			<key>files</key>
			<array/>
			<key>isa</key>
			<string>PBXCopyFilesBuildPhase</string>
			<key>runOnlyForDeploymentPostprocessing</key>
			<string>0</string>
		</dict>
		<key>3CCF50995D5346BE99F67621</key>
		<dict>
			<key>includeInIndex</key>
			<string>1</string>
			<key>isa</key>
			<string>PBXFileReference</string>
			<key>name</key>
			<string>GC2-ios-ipad.storyboard</string>
			<key>path</key>
			<string>GC2-ios-ipad.storyboard</string>
			<key>sourceTree</key>
			<string>&lt;group&gt;</string>
		</dict>
		<key>3CD76819ED584714AC27B587</key>
		<dict>
			<key>includeInIndex</key>
			<string>1</string>
			<key>isa</key>
			<string>PBXFileReference</string>
			<key>name</key>
			<string>icon_ipad_retina.png</string>
			<key>path</key>
			<string>icon_ipad_retina.png</string>
			<key>sourceTree</key>
			<string>&lt;group&gt;</string>
		</dict>
		<key>513A49BD1F444AF7A16C977F</key>
		<dict>
			<key>includeInIndex</key>
			<string>1</string>
			<key>isa</key>
			<string>PBXFileReference</string>
			<key>name</key>
			<string>icon_iphone.png</string>
			<key>path</key>
			<string>icon_iphone.png</string>
			<key>sourceTree</key>
			<string>&lt;group&gt;</string>
		</dict>
		<key>51B2C3FEC09A4DBD9AD0F583</key>
		<dict>
			<key>includeInIndex</key>
			<string>1</string>
			<key>isa</key>
			<string>PBXFileReference</string>
			<key>name</key>
			<string>GCDAsyncSocket.h</string>
			<key>path</key>
			<string>vendor/Pods/Headers/CocoaAsyncSocket/GCDAsyncSocket.h</string>
			<key>sourceTree</key>
			<string>SOURCE_ROOT</string>
		</dict>
		<key>57EA24DF7B9C4E639A2BF020</key>
		<dict>
			<key>children</key>
			<array>
				<string>608E44EB12094778B2048D7B</string>
				<string>B503E3EBF64B4E9C95C8A31A</string>
				<string>CCB9B1D493B44D0BB2FA8219</string>
				<string>F03474C0E2E04BF1A10A6917</string>
				<string>E3BC39A02ED54602B50DF8A6</string>
			</array>
			<key>isa</key>
			<string>PBXGroup</string>
			<key>sourceTree</key>
			<string>&lt;group&gt;</string>
		</dict>
		<key>608E44EB12094778B2048D7B</key>
		<dict>
			<key>children</key>
			<array>
				<string>A93CFA3BE3AF4194AFED22DE</string>
			</array>
			<key>isa</key>
			<string>PBXGroup</string>
			<key>name</key>
			<string>Products</string>
			<key>sourceTree</key>
			<string>&lt;group&gt;</string>
		</dict>
		<key>7F6C682C9F23488F8905827B</key>
		<dict>
			<key>fileRef</key>
			<string>EC4F9BC435394D79A7CA7A70</string>
			<key>isa</key>
			<string>PBXBuildFile</string>
		</dict>
		<key>854BA4B9D29B4F68A7DD3BB2</key>
		<dict>
			<key>buildSettings</key>
			<dict>
				<key>ALWAYS_SEARCH_USER_PATHS</key>
				<string>NO</string>
				<key>ARCHS</key>
				<string>$(ARCHS_STANDARD_32_BIT)</string>
				<key>COPY_PHASE_STRIP</key>
				<string>YES</string>
				<key>DSTROOT</key>
				<string>/tmp/xcodeproj.dst</string>
				<key>GCC_C_LANGUAGE_STANDARD</key>
				<string>gnu99</string>
				<key>GCC_PRECOMPILE_PREFIX_HEADER</key>
				<string>YES</string>
				<key>GCC_VERSION</key>
				<string>com.apple.compilers.llvm.clang.1_0</string>
				<key>INSTALL_PATH</key>
				<string>$(BUILT_PRODUCTS_DIR)</string>
				<key>IPHONEOS_DEPLOYMENT_TARGET</key>
				<string>4.3</string>
				<key>OTHER_LDFLAGS</key>
				<string></string>
				<key>PRODUCT_NAME</key>
				<string>$(TARGET_NAME)</string>
				<key>PUBLIC_HEADERS_FOLDER_PATH</key>
				<string>$(TARGET_NAME)</string>
				<key>SDKROOT</key>
				<string>iphoneos</string>
				<key>SKIP_INSTALL</key>
				<string>YES</string>
				<key>VALIDATE_PRODUCT</key>
				<string>YES</string>
			</dict>
			<key>isa</key>
			<string>XCBuildConfiguration</string>
			<key>name</key>
			<string>Release</string>
		</dict>
		<key>871A5EA59EB24A16BD915EBA</key>
		<dict>
			<key>attributes</key>
			<dict>
				<key>LastUpgradeCheck</key>
				<string>0450</string>
			</dict>
			<key>buildConfigurationList</key>
			<string>DADE9B0E143E47B8AB780AAA</string>
			<key>compatibilityVersion</key>
			<string>Xcode 3.2</string>
			<key>developmentRegion</key>
			<string>English</string>
			<key>hasScannedForEncodings</key>
			<string>0</string>
			<key>isa</key>
			<string>PBXProject</string>
			<key>knownRegions</key>
			<array>
				<string>en</string>
			</array>
			<key>mainGroup</key>
			<string>57EA24DF7B9C4E639A2BF020</string>
			<key>productRefGroup</key>
			<string>608E44EB12094778B2048D7B</string>
			<key>projectDirPath</key>
			<string></string>
			<key>projectRoot</key>
			<string></string>
			<key>targets</key>
			<array>
				<string>C7366C3DDFF04B2A8E8BCA8B</string>
			</array>
		</dict>
		<key>8F4F43F787C54B29BF3EBC5A</key>
		<dict>
			<key>fileRef</key>
			<string>A650D822DD9A4CA0AA1C1A36</string>
			<key>isa</key>
			<string>PBXBuildFile</string>
		</dict>
		<key>965BC32CBB2E469691BEC430</key>
		<dict>
			<key>includeInIndex</key>
			<string>1</string>
			<key>isa</key>
			<string>PBXFileReference</string>
			<key>name</key>
			<string>AsyncUdpSocket.h</string>
			<key>path</key>
			<string>vendor/Pods/Headers/CocoaAsyncSocket/AsyncUdpSocket.h</string>
			<key>sourceTree</key>
			<string>SOURCE_ROOT</string>
		</dict>
		<key>A28651295C1E42A584260CEF</key>
		<dict>
			<key>includeInIndex</key>
			<string>1</string>
			<key>isa</key>
			<string>PBXFileReference</string>
			<key>lastKnownFileType</key>
			<string>wrapper.framework</string>
			<key>name</key>
			<string>QuartzCore.framework</string>
			<key>path</key>
			<string>System/Library/Frameworks/QuartzCore.framework</string>
			<key>sourceTree</key>
			<string>SDKROOT</string>
		</dict>
		<key>A4715D198A6E4BF187F0E474</key>
		<dict>
			<key>buildConfigurations</key>
			<array>
				<string>CFDF75006DF740FD8E87E771</string>
				<string>854BA4B9D29B4F68A7DD3BB2</string>
			</array>
			<key>defaultConfigurationIsVisible</key>
			<string>0</string>
			<key>defaultConfigurationName</key>
			<string>Release</string>
			<key>isa</key>
			<string>XCConfigurationList</string>
		</dict>
		<key>A5D44905F702469EA5EF2EAD</key>
		<dict>
			<key>includeInIndex</key>
			<string>1</string>
			<key>isa</key>
			<string>PBXFileReference</string>
			<key>name</key>
			<string>Stubs.h</string>
			<key>path</key>
			<string>Stubs.h</string>
			<key>sourceTree</key>
			<string>&lt;group&gt;</string>
		</dict>
		<key>A650D822DD9A4CA0AA1C1A36</key>
		<dict>
			<key>includeInIndex</key>
			<string>1</string>
			<key>isa</key>
			<string>PBXFileReference</string>
			<key>lastKnownFileType</key>
			<string>wrapper.framework</string>
			<key>name</key>
			<string>Foundation.framework</string>
			<key>path</key>
			<string>System/Library/Frameworks/Foundation.framework</string>
			<key>sourceTree</key>
			<string>SDKROOT</string>
		</dict>
		<key>A93CFA3BE3AF4194AFED22DE</key>
		<dict>
			<key>explicitFileType</key>
			<string>archive.ar</string>
			<key>includeInIndex</key>
			<string>0</string>
			<key>isa</key>
			<string>PBXFileReference</string>
			<key>name</key>
			<string>libui.a</string>
			<key>path</key>
			<string>libui.a</string>
			<key>sourceTree</key>
			<string>BUILT_PRODUCTS_DIR</string>
		</dict>
		<key>AEE009B4488B44EE9C05B820</key>
		<dict>
			<key>includeInIndex</key>
			<string>1</string>
			<key>isa</key>
			<string>PBXFileReference</string>
			<key>lastKnownFileType</key>
			<string>wrapper.framework</string>
			<key>name</key>
			<string>CoreData.framework</string>
			<key>path</key>
			<string>System/Library/Frameworks/CoreData.framework</string>
			<key>sourceTree</key>
			<string>SDKROOT</string>
		</dict>
		<key>B503E3EBF64B4E9C95C8A31A</key>
		<dict>
			<key>children</key>
			<array>
				<string>A650D822DD9A4CA0AA1C1A36</string>
				<string>A28651295C1E42A584260CEF</string>
				<string>EC4F9BC435394D79A7CA7A70</string>
				<string>AEE009B4488B44EE9C05B820</string>
			</array>
			<key>isa</key>
			<string>PBXGroup</string>
			<key>name</key>
			<string>Frameworks</string>
			<key>sourceTree</key>
			<string>&lt;group&gt;</string>
		</dict>
		<key>B61888963FF84E87948622E9</key>
		<dict>
			<key>includeInIndex</key>
			<string>1</string>
			<key>isa</key>
			<string>PBXFileReference</string>
			<key>name</key>
			<string>icon_iphone_retina.png</string>
			<key>path</key>
			<string>icon_iphone_retina.png</string>
			<key>sourceTree</key>
			<string>&lt;group&gt;</string>
		</dict>
		<key>C09DA74FDCC24657B3806122</key>
		<dict>
			<key>includeInIndex</key>
			<string>1</string>
			<key>isa</key>
			<string>PBXFileReference</string>
			<key>name</key>
			<string>Stubs.m</string>
			<key>path</key>
			<string>Stubs.m</string>
			<key>sourceTree</key>
			<string>&lt;group&gt;</string>
		</dict>
		<key>C7366C3DDFF04B2A8E8BCA8B</key>
		<dict>
			<key>buildConfigurationList</key>
			<string>A4715D198A6E4BF187F0E474</string>
			<key>buildPhases</key>
			<array>
				<string>245E86427F7147EF8CFCB9B4</string>
				<string>3A2146F28E0D45FF8CF660F5</string>
				<string>F916E362C36B4A97AEC67ABF</string>
			</array>
			<key>buildRules</key>
			<array/>
			<key>dependencies</key>
			<array/>
			<key>isa</key>
			<string>PBXNativeTarget</string>
			<key>name</key>
			<string>ui</string>
			<key>productName</key>
			<string>ui</string>
			<key>productReference</key>
			<string>A93CFA3BE3AF4194AFED22DE</string>
			<key>productType</key>
			<string>com.apple.product-type.library.static</string>
		</dict>
		<key>C98F4A69ECB34BDF842D97E2</key>
		<dict>
			<key>buildSettings</key>
			<dict/>
			<key>isa</key>
			<string>XCBuildConfiguration</string>
			<key>name</key>
			<string>Release</string>
		</dict>
		<key>CCB9B1D493B44D0BB2FA8219</key>
		<dict>
			<key>children</key>
			<array>
				<string>1ADFB7CA5ACD48FB8A43DD92</string>
				<string>3CD76819ED584714AC27B587</string>
				<string>513A49BD1F444AF7A16C977F</string>
				<string>B61888963FF84E87948622E9</string>
				<string>3CCF50995D5346BE99F67621</string>
				<string>DCE524D732534D0A9B1D68D0</string>
			</array>
			<key>isa</key>
			<string>PBXGroup</string>
			<key>name</key>
			<string>Resources</string>
			<key>path</key>
			<string>resources</string>
			<key>sourceTree</key>
			<string>&lt;group&gt;</string>
		</dict>
		<key>CFDF75006DF740FD8E87E771</key>
		<dict>
			<key>buildSettings</key>
			<dict>
				<key>ALWAYS_SEARCH_USER_PATHS</key>
				<string>NO</string>
				<key>ARCHS</key>
				<string>$(ARCHS_STANDARD_32_BIT)</string>
				<key>COPY_PHASE_STRIP</key>
				<string>NO</string>
				<key>DSTROOT</key>
				<string>/tmp/xcodeproj.dst</string>
				<key>GCC_C_LANGUAGE_STANDARD</key>
				<string>gnu99</string>
				<key>GCC_DYNAMIC_NO_PIC</key>
				<string>NO</string>
				<key>GCC_OPTIMIZATION_LEVEL</key>
				<string>0</string>
				<key>GCC_PRECOMPILE_PREFIX_HEADER</key>
				<string>YES</string>
				<key>GCC_PREPROCESSOR_DEFINITIONS</key>
				<array>
					<string>DEBUG=1</string>
					<string>$(inherited)</string>
				</array>
				<key>GCC_SYMBOLS_PRIVATE_EXTERN</key>
				<string>NO</string>
				<key>GCC_VERSION</key>
				<string>com.apple.compilers.llvm.clang.1_0</string>
				<key>INSTALL_PATH</key>
				<string>$(BUILT_PRODUCTS_DIR)</string>
				<key>IPHONEOS_DEPLOYMENT_TARGET</key>
				<string>4.3</string>
				<key>OTHER_LDFLAGS</key>
				<string></string>
				<key>PRODUCT_NAME</key>
				<string>$(TARGET_NAME)</string>
				<key>PUBLIC_HEADERS_FOLDER_PATH</key>
				<string>$(TARGET_NAME)</string>
				<key>SDKROOT</key>
				<string>iphoneos</string>
				<key>SKIP_INSTALL</key>
				<string>YES</string>
			</dict>
			<key>isa</key>
			<string>XCBuildConfiguration</string>
			<key>name</key>
			<string>Debug</string>
		</dict>
		<key>DADE9B0E143E47B8AB780AAA</key>
		<dict>
			<key>buildConfigurations</key>
			<array>
				<string>1746F6C075704C3DBD3D0808</string>
				<string>C98F4A69ECB34BDF842D97E2</string>
			</array>
			<key>defaultConfigurationIsVisible</key>
			<string>0</string>
			<key>defaultConfigurationName</key>
			<string>Release</string>
			<key>isa</key>
			<string>XCConfigurationList</string>
		</dict>
		<key>DCE524D732534D0A9B1D68D0</key>
		<dict>
			<key>includeInIndex</key>
			<string>1</string>
			<key>isa</key>
			<string>PBXFileReference</string>
			<key>name</key>
			<string>GC2-ios.storyboard</string>
			<key>path</key>
			<string>GC2-ios.storyboard</string>
			<key>sourceTree</key>
			<string>&lt;group&gt;</string>
		</dict>
		<key>E3BC39A02ED54602B50DF8A6</key>
		<dict>
			<key>children</key>
			<array>
				<string>09D825E6FB1C43EA912BC0DE</string>
				<string>965BC32CBB2E469691BEC430</string>
				<string>51B2C3FEC09A4DBD9AD0F583</string>
				<string>1863A8F053974A438FCE0C41</string>
			</array>
			<key>isa</key>
			<string>PBXGroup</string>
			<key>name</key>
			<string>Pods</string>
			<key>sourceTree</key>
			<string>&lt;group&gt;</string>
		</dict>
		<key>EC4F9BC435394D79A7CA7A70</key>
		<dict>
			<key>includeInIndex</key>
			<string>1</string>
			<key>isa</key>
			<string>PBXFileReference</string>
			<key>lastKnownFileType</key>
			<string>wrapper.framework</string>
			<key>name</key>
			<string>CoreGraphics.framework</string>
			<key>path</key>
			<string>System/Library/Frameworks/CoreGraphics.framework</string>
			<key>sourceTree</key>
			<string>SDKROOT</string>
		</dict>
		<key>F03474C0E2E04BF1A10A6917</key>
		<dict>
			<key>children</key>
			<array>
				<string>A5D44905F702469EA5EF2EAD</string>
				<string>C09DA74FDCC24657B3806122</string>
			</array>
			<key>isa</key>
			<string>PBXGroup</string>
			<key>name</key>
			<string>Supporting Files</string>
			<key>path</key>
			<string>ib.xcodeproj</string>
			<key>sourceTree</key>
			<string>&lt;group&gt;</string>
		</dict>
		<key>F87BECEF0C924600B939DFDF</key>
		<dict>
			<key>fileRef</key>
			<string>A28651295C1E42A584260CEF</string>
			<key>isa</key>
			<string>PBXBuildFile</string>
		</dict>
		<key>F916E362C36B4A97AEC67ABF</key>
		<dict>
			<key>buildActionMask</key>
			<string>2147483647</string>
			<key>files</key>
			<array>
				<string>8F4F43F787C54B29BF3EBC5A</string>
				<string>F87BECEF0C924600B939DFDF</string>
				<string>7F6C682C9F23488F8905827B</string>
				<string>1F88566BF39F4967A9BD261B</string>
			</array>
			<key>isa</key>
			<string>PBXFrameworksBuildPhase</string>
			<key>runOnlyForDeploymentPostprocessing</key>
			<string>0</string>
		</dict>
	</dict>
	<key>rootObject</key>
	<string>871A5EA59EB24A16BD915EBA</string>
</dict>
</plist>
