<?xml version="1.0" encoding="UTF-8"?>
<!DOCTYPE plist PUBLIC "-//Apple//DTD PLIST 1.0//EN" "http://www.apple.com/DTDs/PropertyList-1.0.dtd">
<plist version="1.0">
<dict>
	<key>archiveVersion</key>
	<string>1</string>
	<key>classes</key>
	<dict/>
	<key>objectVersion</key>
	<string>46</string>
	<key>objects</key>
	<dict>
		<key>00F1B8BBF61640B681DAE3FE</key>
		<dict>
			<key>children</key>
			<array>
				<string>3DCEE89FB29947F8AEC08C2F</string>
				<string>18332AB598AD4F04B4697BD1</string>
				<string>230979E4611D4AE8902864F9</string>
				<string>B24CEA9B690B48E29C9C8945</string>
				<string>E61212DCA5934F7B96FFC114</string>
			</array>
			<key>isa</key>
			<string>PBXGroup</string>
			<key>name</key>
			<string>Resources</string>
			<key>path</key>
			<string>resources</string>
			<key>sourceTree</key>
			<string>&lt;group&gt;</string>
		</dict>
		<key>1183ECAB1B1B4F728746683E</key>
		<dict>
			<key>includeInIndex</key>
			<string>1</string>
			<key>isa</key>
			<string>PBXFileReference</string>
			<key>lastKnownFileType</key>
			<string>wrapper.framework</string>
			<key>name</key>
			<string>CoreGraphics.framework</string>
			<key>path</key>
			<string>System/Library/Frameworks/CoreGraphics.framework</string>
			<key>sourceTree</key>
			<string>SDKROOT</string>
		</dict>
		<key>129DBCEC11464BB5ABCF77BB</key>
		<dict>
			<key>children</key>
			<array>
				<string>80C03D9187934C40BFC66E00</string>
				<string>AE740AE77C5644A0964B36DD</string>
				<string>1557FABC2C53478791702419</string>
				<string>A5C102F228114C79B233C67E</string>
			</array>
			<key>isa</key>
			<string>PBXGroup</string>
			<key>name</key>
			<string>Pods</string>
			<key>sourceTree</key>
			<string>&lt;group&gt;</string>
		</dict>
		<key>1557FABC2C53478791702419</key>
		<dict>
			<key>includeInIndex</key>
			<string>1</string>
			<key>isa</key>
			<string>PBXFileReference</string>
			<key>name</key>
			<string>GCDAsyncSocket.h</string>
			<key>path</key>
			<string>vendor/Pods/Headers/CocoaAsyncSocket/GCDAsyncSocket.h</string>
			<key>sourceTree</key>
			<string>SOURCE_ROOT</string>
		</dict>
		<key>16FE57769FF04FA7BEAFB7EF</key>
		<dict>
			<key>includeInIndex</key>
			<string>1</string>
			<key>isa</key>
			<string>PBXFileReference</string>
			<key>lastKnownFileType</key>
			<string>wrapper.framework</string>
			<key>name</key>
			<string>CoreData.framework</string>
			<key>path</key>
			<string>System/Library/Frameworks/CoreData.framework</string>
			<key>sourceTree</key>
			<string>SDKROOT</string>
		</dict>
		<key>18332AB598AD4F04B4697BD1</key>
		<dict>
			<key>includeInIndex</key>
			<string>1</string>
			<key>isa</key>
			<string>PBXFileReference</string>
			<key>name</key>
			<string>icon_ipad_retina.png</string>
			<key>path</key>
			<string>icon_ipad_retina.png</string>
			<key>sourceTree</key>
			<string>&lt;group&gt;</string>
		</dict>
		<key>1C48576B34204187A3B05E0F</key>
		<dict>
			<key>buildConfigurations</key>
			<array>
				<string>5C7CA681E2784DD2A527AA22</string>
				<string>63D9F8FCAD9943C39FE093F0</string>
			</array>
			<key>defaultConfigurationIsVisible</key>
			<string>0</string>
			<key>defaultConfigurationName</key>
			<string>Release</string>
			<key>isa</key>
			<string>XCConfigurationList</string>
		</dict>
		<key>230979E4611D4AE8902864F9</key>
		<dict>
			<key>includeInIndex</key>
			<string>1</string>
			<key>isa</key>
			<string>PBXFileReference</string>
			<key>name</key>
			<string>icon_iphone.png</string>
			<key>path</key>
			<string>icon_iphone.png</string>
			<key>sourceTree</key>
			<string>&lt;group&gt;</string>
		</dict>
		<key>240199F1FFBC47B7AF43FA0E</key>
		<dict>
			<key>buildActionMask</key>
			<string>2147483647</string>
			<key>dstPath</key>
			<string>$(PRODUCT_NAME)</string>
			<key>dstSubfolderSpec</key>
			<string>16</string>
			<key>files</key>
			<array/>
			<key>isa</key>
			<string>PBXCopyFilesBuildPhase</string>
			<key>runOnlyForDeploymentPostprocessing</key>
			<string>0</string>
		</dict>
		<key>24FD22A5CDA6495D87AB35EA</key>
		<dict>
			<key>buildSettings</key>
			<dict>
				<key>ALWAYS_SEARCH_USER_PATHS</key>
				<string>NO</string>
				<key>ARCHS</key>
				<string>$(ARCHS_STANDARD_32_BIT)</string>
				<key>COPY_PHASE_STRIP</key>
				<string>YES</string>
				<key>DSTROOT</key>
				<string>/tmp/xcodeproj.dst</string>
				<key>GCC_C_LANGUAGE_STANDARD</key>
				<string>gnu99</string>
				<key>GCC_PRECOMPILE_PREFIX_HEADER</key>
				<string>YES</string>
				<key>GCC_VERSION</key>
				<string>com.apple.compilers.llvm.clang.1_0</string>
				<key>INSTALL_PATH</key>
				<string>$(BUILT_PRODUCTS_DIR)</string>
				<key>IPHONEOS_DEPLOYMENT_TARGET</key>
				<string>4.3</string>
				<key>OTHER_LDFLAGS</key>
				<string></string>
				<key>PRODUCT_NAME</key>
				<string>$(TARGET_NAME)</string>
				<key>PUBLIC_HEADERS_FOLDER_PATH</key>
				<string>$(TARGET_NAME)</string>
				<key>SDKROOT</key>
				<string>iphoneos</string>
				<key>SKIP_INSTALL</key>
				<string>YES</string>
				<key>VALIDATE_PRODUCT</key>
				<string>YES</string>
			</dict>
			<key>isa</key>
			<string>XCBuildConfiguration</string>
			<key>name</key>
			<string>Release</string>
		</dict>
		<key>2BAFC0134F30414F96BC334E</key>
		<dict>
			<key>children</key>
			<array>
				<string>769EB50B63574F2FBB21CF44</string>
			</array>
			<key>isa</key>
			<string>PBXGroup</string>
			<key>name</key>
			<string>Products</string>
			<key>sourceTree</key>
			<string>&lt;group&gt;</string>
		</dict>
		<key>3684BE19DA10445FB2DA92F3</key>
		<dict>
			<key>buildConfigurationList</key>
			<string>D4072BB7DB1142C289494353</string>
			<key>buildPhases</key>
			<array>
				<string>5E936F32832E469F9BABA3FD</string>
				<string>240199F1FFBC47B7AF43FA0E</string>
				<string>589FD230143D442087E6F279</string>
			</array>
			<key>buildRules</key>
			<array/>
			<key>dependencies</key>
			<array/>
			<key>isa</key>
			<string>PBXNativeTarget</string>
			<key>name</key>
			<string>ui</string>
			<key>productName</key>
			<string>ui</string>
			<key>productReference</key>
			<string>769EB50B63574F2FBB21CF44</string>
			<key>productType</key>
			<string>com.apple.product-type.library.static</string>
		</dict>
		<key>3DCEE89FB29947F8AEC08C2F</key>
		<dict>
			<key>includeInIndex</key>
			<string>1</string>
			<key>isa</key>
			<string>PBXFileReference</string>
			<key>name</key>
			<string>icon_ipad.png</string>
			<key>path</key>
			<string>icon_ipad.png</string>
			<key>sourceTree</key>
			<string>&lt;group&gt;</string>
		</dict>
		<key>563C9DA053044651A5C447FD</key>
		<dict>
			<key>includeInIndex</key>
			<string>1</string>
			<key>isa</key>
			<string>PBXFileReference</string>
			<key>name</key>
			<string>Stubs.m</string>
			<key>path</key>
			<string>Stubs.m</string>
			<key>sourceTree</key>
			<string>&lt;group&gt;</string>
		</dict>
		<key>589FD230143D442087E6F279</key>
		<dict>
			<key>buildActionMask</key>
			<string>2147483647</string>
			<key>files</key>
			<array>
				<string>8A95CA93854E434F9F795041</string>
				<string>81171C8B07CF4CC5AF6DF93E</string>
				<string>CBEAFB1DAC9A44DFAB404D3D</string>
				<string>842B071D3761416E9BA00AEA</string>
			</array>
			<key>isa</key>
			<string>PBXFrameworksBuildPhase</string>
			<key>runOnlyForDeploymentPostprocessing</key>
			<string>0</string>
		</dict>
		<key>5C7CA681E2784DD2A527AA22</key>
		<dict>
			<key>buildSettings</key>
			<dict/>
			<key>isa</key>
			<string>XCBuildConfiguration</string>
			<key>name</key>
			<string>Debug</string>
		</dict>
		<key>5E936F32832E469F9BABA3FD</key>
		<dict>
			<key>buildActionMask</key>
			<string>2147483647</string>
			<key>files</key>
			<array>
				<string>93F3FCA9FD944CAB9BB6D392</string>
			</array>
			<key>isa</key>
			<string>PBXSourcesBuildPhase</string>
			<key>runOnlyForDeploymentPostprocessing</key>
			<string>0</string>
		</dict>
		<key>63D9F8FCAD9943C39FE093F0</key>
		<dict>
			<key>buildSettings</key>
			<dict/>
			<key>isa</key>
			<string>XCBuildConfiguration</string>
			<key>name</key>
			<string>Release</string>
		</dict>
		<key>769EB50B63574F2FBB21CF44</key>
		<dict>
			<key>explicitFileType</key>
			<string>archive.ar</string>
			<key>includeInIndex</key>
			<string>0</string>
			<key>isa</key>
			<string>PBXFileReference</string>
			<key>name</key>
			<string>libui.a</string>
			<key>path</key>
			<string>libui.a</string>
			<key>sourceTree</key>
			<string>BUILT_PRODUCTS_DIR</string>
		</dict>
		<key>77E1286CA62D471EAF0AA5DE</key>
		<dict>
			<key>attributes</key>
			<dict>
				<key>LastUpgradeCheck</key>
				<string>0450</string>
			</dict>
			<key>buildConfigurationList</key>
			<string>1C48576B34204187A3B05E0F</string>
			<key>compatibilityVersion</key>
			<string>Xcode 3.2</string>
			<key>developmentRegion</key>
			<string>English</string>
			<key>hasScannedForEncodings</key>
			<string>0</string>
			<key>isa</key>
			<string>PBXProject</string>
			<key>knownRegions</key>
			<array>
				<string>en</string>
			</array>
			<key>mainGroup</key>
			<string>A73184176A854547A9E7B452</string>
			<key>productRefGroup</key>
			<string>2BAFC0134F30414F96BC334E</string>
			<key>projectDirPath</key>
			<string></string>
			<key>projectRoot</key>
			<string></string>
			<key>targets</key>
			<array>
				<string>3684BE19DA10445FB2DA92F3</string>
			</array>
		</dict>
		<key>7D04B4A770D64BAB9F2EE61A</key>
		<dict>
			<key>includeInIndex</key>
			<string>1</string>
			<key>isa</key>
			<string>PBXFileReference</string>
			<key>name</key>
			<string>Stubs.h</string>
			<key>path</key>
			<string>Stubs.h</string>
			<key>sourceTree</key>
			<string>&lt;group&gt;</string>
		</dict>
		<key>80C03D9187934C40BFC66E00</key>
		<dict>
			<key>includeInIndex</key>
			<string>1</string>
			<key>isa</key>
			<string>PBXFileReference</string>
			<key>name</key>
			<string>AsyncSocket.h</string>
			<key>path</key>
			<string>vendor/Pods/Headers/CocoaAsyncSocket/AsyncSocket.h</string>
			<key>sourceTree</key>
			<string>SOURCE_ROOT</string>
		</dict>
		<key>81171C8B07CF4CC5AF6DF93E</key>
		<dict>
			<key>fileRef</key>
			<string>DCF1F934DA214A11AF74E0B6</string>
			<key>isa</key>
			<string>PBXBuildFile</string>
		</dict>
		<key>842B071D3761416E9BA00AEA</key>
		<dict>
			<key>fileRef</key>
			<string>16FE57769FF04FA7BEAFB7EF</string>
			<key>isa</key>
			<string>PBXBuildFile</string>
		</dict>
		<key>8A95CA93854E434F9F795041</key>
		<dict>
			<key>fileRef</key>
			<string>B6186DE06A2F4AB3BCF9B424</string>
			<key>isa</key>
			<string>PBXBuildFile</string>
		</dict>
		<key>93F3FCA9FD944CAB9BB6D392</key>
		<dict>
			<key>fileRef</key>
			<string>563C9DA053044651A5C447FD</string>
			<key>isa</key>
			<string>PBXBuildFile</string>
		</dict>
		<key>A5C102F228114C79B233C67E</key>
		<dict>
			<key>includeInIndex</key>
			<string>1</string>
			<key>isa</key>
			<string>PBXFileReference</string>
			<key>name</key>
			<string>GCDAsyncUdpSocket.h</string>
			<key>path</key>
			<string>vendor/Pods/Headers/CocoaAsyncSocket/GCDAsyncUdpSocket.h</string>
			<key>sourceTree</key>
			<string>SOURCE_ROOT</string>
		</dict>
		<key>A73184176A854547A9E7B452</key>
		<dict>
			<key>children</key>
			<array>
				<string>2BAFC0134F30414F96BC334E</string>
				<string>DED0AAD7FA4045D5BFEA07EB</string>
				<string>00F1B8BBF61640B681DAE3FE</string>
				<string>F52E0789825745B6A81A3F78</string>
				<string>129DBCEC11464BB5ABCF77BB</string>
			</array>
			<key>isa</key>
			<string>PBXGroup</string>
			<key>sourceTree</key>
			<string>&lt;group&gt;</string>
		</dict>
		<key>AE740AE77C5644A0964B36DD</key>
		<dict>
			<key>includeInIndex</key>
			<string>1</string>
			<key>isa</key>
			<string>PBXFileReference</string>
			<key>name</key>
			<string>AsyncUdpSocket.h</string>
			<key>path</key>
			<string>vendor/Pods/Headers/CocoaAsyncSocket/AsyncUdpSocket.h</string>
			<key>sourceTree</key>
			<string>SOURCE_ROOT</string>
		</dict>
		<key>B24CEA9B690B48E29C9C8945</key>
		<dict>
			<key>includeInIndex</key>
			<string>1</string>
			<key>isa</key>
			<string>PBXFileReference</string>
			<key>name</key>
			<string>icon_iphone_retina.png</string>
			<key>path</key>
			<string>icon_iphone_retina.png</string>
			<key>sourceTree</key>
			<string>&lt;group&gt;</string>
		</dict>
		<key>B6186DE06A2F4AB3BCF9B424</key>
		<dict>
			<key>includeInIndex</key>
			<string>1</string>
			<key>isa</key>
			<string>PBXFileReference</string>
			<key>lastKnownFileType</key>
			<string>wrapper.framework</string>
			<key>name</key>
			<string>Foundation.framework</string>
			<key>path</key>
			<string>System/Library/Frameworks/Foundation.framework</string>
			<key>sourceTree</key>
			<string>SDKROOT</string>
		</dict>
		<key>C13772B16B364D9093486D28</key>
		<dict>
			<key>buildSettings</key>
			<dict>
				<key>ALWAYS_SEARCH_USER_PATHS</key>
				<string>NO</string>
				<key>ARCHS</key>
				<string>$(ARCHS_STANDARD_32_BIT)</string>
				<key>COPY_PHASE_STRIP</key>
				<string>NO</string>
				<key>DSTROOT</key>
				<string>/tmp/xcodeproj.dst</string>
				<key>GCC_C_LANGUAGE_STANDARD</key>
				<string>gnu99</string>
				<key>GCC_DYNAMIC_NO_PIC</key>
				<string>NO</string>
				<key>GCC_OPTIMIZATION_LEVEL</key>
				<string>0</string>
				<key>GCC_PRECOMPILE_PREFIX_HEADER</key>
				<string>YES</string>
				<key>GCC_PREPROCESSOR_DEFINITIONS</key>
				<array>
					<string>DEBUG=1</string>
					<string>$(inherited)</string>
				</array>
				<key>GCC_SYMBOLS_PRIVATE_EXTERN</key>
				<string>NO</string>
				<key>GCC_VERSION</key>
				<string>com.apple.compilers.llvm.clang.1_0</string>
				<key>INSTALL_PATH</key>
				<string>$(BUILT_PRODUCTS_DIR)</string>
				<key>IPHONEOS_DEPLOYMENT_TARGET</key>
				<string>4.3</string>
				<key>OTHER_LDFLAGS</key>
				<string></string>
				<key>PRODUCT_NAME</key>
				<string>$(TARGET_NAME)</string>
				<key>PUBLIC_HEADERS_FOLDER_PATH</key>
				<string>$(TARGET_NAME)</string>
				<key>SDKROOT</key>
				<string>iphoneos</string>
				<key>SKIP_INSTALL</key>
				<string>YES</string>
			</dict>
			<key>isa</key>
			<string>XCBuildConfiguration</string>
			<key>name</key>
			<string>Debug</string>
		</dict>
		<key>CBEAFB1DAC9A44DFAB404D3D</key>
		<dict>
			<key>fileRef</key>
			<string>1183ECAB1B1B4F728746683E</string>
			<key>isa</key>
			<string>PBXBuildFile</string>
		</dict>
		<key>D4072BB7DB1142C289494353</key>
		<dict>
			<key>buildConfigurations</key>
			<array>
				<string>C13772B16B364D9093486D28</string>
				<string>24FD22A5CDA6495D87AB35EA</string>
			</array>
			<key>defaultConfigurationIsVisible</key>
			<string>0</string>
			<key>defaultConfigurationName</key>
			<string>Release</string>
			<key>isa</key>
			<string>XCConfigurationList</string>
		</dict>
		<key>DCF1F934DA214A11AF74E0B6</key>
		<dict>
			<key>includeInIndex</key>
			<string>1</string>
			<key>isa</key>
			<string>PBXFileReference</string>
			<key>lastKnownFileType</key>
			<string>wrapper.framework</string>
			<key>name</key>
			<string>QuartzCore.framework</string>
			<key>path</key>
			<string>System/Library/Frameworks/QuartzCore.framework</string>
			<key>sourceTree</key>
			<string>SDKROOT</string>
		</dict>
		<key>DED0AAD7FA4045D5BFEA07EB</key>
		<dict>
			<key>children</key>
			<array>
				<string>B6186DE06A2F4AB3BCF9B424</string>
				<string>DCF1F934DA214A11AF74E0B6</string>
				<string>1183ECAB1B1B4F728746683E</string>
				<string>16FE57769FF04FA7BEAFB7EF</string>
			</array>
			<key>isa</key>
			<string>PBXGroup</string>
			<key>name</key>
			<string>Frameworks</string>
			<key>sourceTree</key>
			<string>&lt;group&gt;</string>
		</dict>
		<key>E61212DCA5934F7B96FFC114</key>
		<dict>
			<key>includeInIndex</key>
			<string>1</string>
			<key>isa</key>
			<string>PBXFileReference</string>
			<key>name</key>
			<string>GC2-ios.storyboard</string>
			<key>path</key>
			<string>GC2-ios.storyboard</string>
			<key>sourceTree</key>
			<string>&lt;group&gt;</string>
		</dict>
		<key>F52E0789825745B6A81A3F78</key>
		<dict>
			<key>children</key>
			<array>
				<string>7D04B4A770D64BAB9F2EE61A</string>
				<string>563C9DA053044651A5C447FD</string>
			</array>
			<key>isa</key>
			<string>PBXGroup</string>
			<key>name</key>
			<string>Supporting Files</string>
			<key>path</key>
			<string>ui.xcodeproj</string>
			<key>sourceTree</key>
			<string>&lt;group&gt;</string>
		</dict>
	</dict>
	<key>rootObject</key>
	<string>77E1286CA62D471EAF0AA5DE</string>
</dict>
</plist>
